
Microsoft Visual Studio Solution File, Format Version 12.00
# Visual Studio 15
VisualStudioVersion = 15.0.27130.2010
MinimumVisualStudioVersion = 10.0.40219.1
Project("{8BC9CEB8-8B4A-11D0-8D11-00A0C91BC942}") = "WindowsRobot", "WindowsRobot.vcxproj", "{C131B9FC-1683-4526-8B72-94E2DA69ADCA}"
EndProject
Global
	GlobalSection(SolutionConfigurationPlatforms) = preSolution
		Debug|x64 = Debug|x64
		Debug|x86 = Debug|x86
		Release|x64 = Release|x64
		Release|x86 = Release|x86
	EndGlobalSection
	GlobalSection(ProjectConfigurationPlatforms) = postSolution
		{C131B9FC-1683-4526-8B72-94E2DA69ADCA}.Debug|x64.ActiveCfg = Debug|x64
		{C131B9FC-1683-4526-8B72-94E2DA69ADCA}.Debug|x64.Build.0 = Debug|x64
		{C131B9FC-1683-4526-8B72-94E2DA69ADCA}.Debug|x86.ActiveCfg = Debug|Win32
		{C131B9FC-1683-4526-8B72-94E2DA69ADCA}.Debug|x86.Build.0 = Debug|Win32
		{C131B9FC-1683-4526-8B72-94E2DA69ADCA}.Release|x64.ActiveCfg = Release|x64
		{C131B9FC-1683-4526-8B72-94E2DA69ADCA}.Release|x64.Build.0 = Release|x64
		{C131B9FC-1683-4526-8B72-94E2DA69ADCA}.Release|x86.ActiveCfg = Release|Win32
		{C131B9FC-1683-4526-8B72-94E2DA69ADCA}.Release|x86.Build.0 = Release|Win32
	EndGlobalSection
	GlobalSection(SolutionProperties) = preSolution
		HideSolutionNode = FALSE
	EndGlobalSection
	GlobalSection(ExtensibilityGlobals) = postSolution
		SolutionGuid = {01A3A77F-7A01-4B9B-94D4-FFBBE42A2115}
	EndGlobalSection
EndGlobal
